
Microsoft Visual Studio Solution File, Format Version 12.00
# Visual Studio 15
VisualStudioVersion = 15.0.27130.2020
MinimumVisualStudioVersion = 10.0.40219.1
Project("{FAE04EC0-301F-11D3-BF4B-00C04F79EFBC}") = "GreenvilleMotto", "GreenvilleMotto\GreenvilleMotto.csproj", "{9C68367C-B036-4911-B8EA-BCDEF6E36DE6}"
EndProject
Global
	GlobalSection(SolutionConfigurationPlatforms) = preSolution
		Debug|Any CPU = Debug|Any CPU
		Release|Any CPU = Release|Any CPU
	EndGlobalSection
	GlobalSection(ProjectConfigurationPlatforms) = postSolution
		{9C68367C-B036-4911-B8EA-BCDEF6E36DE6}.Debug|Any CPU.ActiveCfg = Debug|Any CPU
		{9C68367C-B036-4911-B8EA-BCDEF6E36DE6}.Debug|Any CPU.Build.0 = Debug|Any CPU
		{9C68367C-B036-4911-B8EA-BCDEF6E36DE6}.Release|Any CPU.ActiveCfg = Release|Any CPU
		{9C68367C-B036-4911-B8EA-BCDEF6E36DE6}.Release|Any CPU.Build.0 = Release|Any CPU
	EndGlobalSection
	GlobalSection(SolutionProperties) = preSolution
		HideSolutionNode = FALSE
	EndGlobalSection
	GlobalSection(ExtensibilityGlobals) = postSolution
		SolutionGuid = {DF77F340-6457-4A7B-BC9E-DEA4176B021B}
	EndGlobalSection
EndGlobal
